{
  "version": "v1",
  "packages": {
    "@stoplight/mosaic": {
      "signature": "adc7ba1484efebcc099f0e08c60ed893",
      "file": true
    },
    "@stoplight/mosaic-code-viewer": {
      "signature": "caa889c5b4859503299520c8f440384c",
      "file": true
    },
    "@stoplight/markdown-viewer": {
      "signature": "fb733eb02f6141ceec36940f7950e9b4",
      "file": true
    },
    "@stoplight/markdown": {
      "signature": "f69b79ac13a56a03d2b259ec3dbcc997",
      "file": true
    },
    "@stoplight/elements": {
      "signature": "cfd024090727b09917d48762a827a65d",
      "pure": true
    }
  }
}