{
  "version": "v1",
  "packages": {
    "@stoplight/mosaic": {
      "signature": "adc7ba1484efebcc099f0e08c60ed893",
      "file": true
    },
    "@stoplight/mosaic-code-viewer": {
      "signature": "caa889c5b4859503299520c8f440384c",
      "file": true
    },
    "@stoplight/markdown-viewer": {
      "signature": "18ca3b567d4af53f865d5319411fc622",
      "file": true
    },
    "@stoplight/markdown": {
      "signature": "59106b6bab3df8b4a38ad734380ad249",
      "file": true
    },
    "@stoplight/elements": {
      "signature": "cfd024090727b09917d48762a827a65d",
      "pure": true
    }
  }
}